
Microsoft Visual Studio Solution File, Format Version 12.00
# Visual Studio Version 17
VisualStudioVersion = 17.8.34525.116
MinimumVisualStudioVersion = 10.0.40219.1
Project("{2150E333-8FDC-42A3-9474-1A3956D46DE8}") = "FrontEnd", "FrontEnd", "{67A3E3E0-0A27-49B5-B7AC-D34F50DC2595}"
EndProject
Project("{2150E333-8FDC-42A3-9474-1A3956D46DE8}") = "Gateway", "Gateway", "{DE0D285B-E351-4CBB-8EAE-8DBE4D10BC89}"
EndProject
Project("{2150E333-8FDC-42A3-9474-1A3956D46DE8}") = "Integration", "Integration", "{39575593-9AF2-440D-8339-38DC0085D866}"
EndProject
Project("{2150E333-8FDC-42A3-9474-1A3956D46DE8}") = "Services", "Services", "{B8294C21-5C4B-4670-89ED-66A9347822CD}"
EndProject
Project("{9A19103F-16F7-4668-BE54-9A1E7A4F7556}") = "Mango.Services.CouponAPI", "Mango.Services.CouponAPI\Mango.Services.CouponAPI.csproj", "{E1201884-EF5F-4806-9D3B-C1E681512FEE}"
EndProject
Project("{9A19103F-16F7-4668-BE54-9A1E7A4F7556}") = "Mango.Web", "Mango.Web\Mango.Web.csproj", "{4D3D9D8E-ED33-4E8D-A003-A630DE0683D1}"
EndProject
Project("{9A19103F-16F7-4668-BE54-9A1E7A4F7556}") = "Mango.Services.AuthAPI", "Mango.Services.AuthAPI\Mango.Services.AuthAPI.csproj", "{10E6F4CF-C4D3-4ADE-9451-DD0B53E40E12}"
EndProject
Project("{9A19103F-16F7-4668-BE54-9A1E7A4F7556}") = "Mango.Services.ProductAPI", "Mango.Services.ProductAPI\Mango.Services.ProductAPI.csproj", "{D1010120-9382-417A-977C-C7FF764ACD3B}"
EndProject
Project("{9A19103F-16F7-4668-BE54-9A1E7A4F7556}") = "Mango.Services.ShoppingCartAPI", "Mango.Services.ShoppingCartAPI\Mango.Services.ShoppingCartAPI.csproj", "{EA629E4F-92EE-4AF9-BF39-617C956FC434}"
EndProject
Project("{9A19103F-16F7-4668-BE54-9A1E7A4F7556}") = "Mango.MessageBus", "Mango.MessageBus\Mango.MessageBus.csproj", "{1748722F-B35E-4466-8EAE-B3F288F9B73B}"
EndProject
Project("{9A19103F-16F7-4668-BE54-9A1E7A4F7556}") = "Mango.Services.EmailAPI", "Mango.Services.EmailAPI\Mango.Services.EmailAPI.csproj", "{C6C1EAF5-D4EC-4AEC-BF5E-5C3C2AB13876}"
EndProject
Project("{9A19103F-16F7-4668-BE54-9A1E7A4F7556}") = "Mango.Services.OrderAPI", "Mango.Services.OrderAPI\Mango.Services.OrderAPI.csproj", "{37F5D98E-4CDD-4432-80CA-1BF37BB677CF}"
EndProject
Project("{9A19103F-16F7-4668-BE54-9A1E7A4F7556}") = "Mango.Services.RewardAPI", "Mango.Services.RewardAPI\Mango.Services.RewardAPI.csproj", "{C8CE9069-A1B3-421D-A0F1-95E49B1A9278}"
EndProject
Project("{FAE04EC0-301F-11D3-BF4B-00C04F79EFBC}") = "Mango.GatewaySolution", "Mango.GatewaySolution\Mango.GatewaySolution.csproj", "{60E099E0-8F4F-43C2-A650-4E185ED8BC91}"
EndProject
Global
	GlobalSection(SolutionConfigurationPlatforms) = preSolution
		Debug|Any CPU = Debug|Any CPU
		Release|Any CPU = Release|Any CPU
	EndGlobalSection
	GlobalSection(ProjectConfigurationPlatforms) = postSolution
		{E1201884-EF5F-4806-9D3B-C1E681512FEE}.Debug|Any CPU.ActiveCfg = Debug|Any CPU
		{E1201884-EF5F-4806-9D3B-C1E681512FEE}.Debug|Any CPU.Build.0 = Debug|Any CPU
		{E1201884-EF5F-4806-9D3B-C1E681512FEE}.Release|Any CPU.ActiveCfg = Release|Any CPU
		{E1201884-EF5F-4806-9D3B-C1E681512FEE}.Release|Any CPU.Build.0 = Release|Any CPU
		{4D3D9D8E-ED33-4E8D-A003-A630DE0683D1}.Debug|Any CPU.ActiveCfg = Debug|Any CPU
		{4D3D9D8E-ED33-4E8D-A003-A630DE0683D1}.Debug|Any CPU.Build.0 = Debug|Any CPU
		{4D3D9D8E-ED33-4E8D-A003-A630DE0683D1}.Release|Any CPU.ActiveCfg = Release|Any CPU
		{4D3D9D8E-ED33-4E8D-A003-A630DE0683D1}.Release|Any CPU.Build.0 = Release|Any CPU
		{10E6F4CF-C4D3-4ADE-9451-DD0B53E40E12}.Debug|Any CPU.ActiveCfg = Debug|Any CPU
		{10E6F4CF-C4D3-4ADE-9451-DD0B53E40E12}.Debug|Any CPU.Build.0 = Debug|Any CPU
		{10E6F4CF-C4D3-4ADE-9451-DD0B53E40E12}.Release|Any CPU.ActiveCfg = Release|Any CPU
		{10E6F4CF-C4D3-4ADE-9451-DD0B53E40E12}.Release|Any CPU.Build.0 = Release|Any CPU
		{D1010120-9382-417A-977C-C7FF764ACD3B}.Debug|Any CPU.ActiveCfg = Debug|Any CPU
		{D1010120-9382-417A-977C-C7FF764ACD3B}.Debug|Any CPU.Build.0 = Debug|Any CPU
		{D1010120-9382-417A-977C-C7FF764ACD3B}.Release|Any CPU.ActiveCfg = Release|Any CPU
		{D1010120-9382-417A-977C-C7FF764ACD3B}.Release|Any CPU.Build.0 = Release|Any CPU
		{EA629E4F-92EE-4AF9-BF39-617C956FC434}.Debug|Any CPU.ActiveCfg = Debug|Any CPU
		{EA629E4F-92EE-4AF9-BF39-617C956FC434}.Debug|Any CPU.Build.0 = Debug|Any CPU
		{EA629E4F-92EE-4AF9-BF39-617C956FC434}.Release|Any CPU.ActiveCfg = Release|Any CPU
		{EA629E4F-92EE-4AF9-BF39-617C956FC434}.Release|Any CPU.Build.0 = Release|Any CPU
		{1748722F-B35E-4466-8EAE-B3F288F9B73B}.Debug|Any CPU.ActiveCfg = Debug|Any CPU
		{1748722F-B35E-4466-8EAE-B3F288F9B73B}.Debug|Any CPU.Build.0 = Debug|Any CPU
		{1748722F-B35E-4466-8EAE-B3F288F9B73B}.Release|Any CPU.ActiveCfg = Release|Any CPU
		{1748722F-B35E-4466-8EAE-B3F288F9B73B}.Release|Any CPU.Build.0 = Release|Any CPU
		{C6C1EAF5-D4EC-4AEC-BF5E-5C3C2AB13876}.Debug|Any CPU.ActiveCfg = Debug|Any CPU
		{C6C1EAF5-D4EC-4AEC-BF5E-5C3C2AB13876}.Debug|Any CPU.Build.0 = Debug|Any CPU
		{C6C1EAF5-D4EC-4AEC-BF5E-5C3C2AB13876}.Release|Any CPU.ActiveCfg = Release|Any CPU
		{C6C1EAF5-D4EC-4AEC-BF5E-5C3C2AB13876}.Release|Any CPU.Build.0 = Release|Any CPU
		{37F5D98E-4CDD-4432-80CA-1BF37BB677CF}.Debug|Any CPU.ActiveCfg = Debug|Any CPU
		{37F5D98E-4CDD-4432-80CA-1BF37BB677CF}.Debug|Any CPU.Build.0 = Debug|Any CPU
		{37F5D98E-4CDD-4432-80CA-1BF37BB677CF}.Release|Any CPU.ActiveCfg = Release|Any CPU
		{37F5D98E-4CDD-4432-80CA-1BF37BB677CF}.Release|Any CPU.Build.0 = Release|Any CPU
		{C8CE9069-A1B3-421D-A0F1-95E49B1A9278}.Debug|Any CPU.ActiveCfg = Debug|Any CPU
		{C8CE9069-A1B3-421D-A0F1-95E49B1A9278}.Debug|Any CPU.Build.0 = Debug|Any CPU
		{C8CE9069-A1B3-421D-A0F1-95E49B1A9278}.Release|Any CPU.ActiveCfg = Release|Any CPU
		{C8CE9069-A1B3-421D-A0F1-95E49B1A9278}.Release|Any CPU.Build.0 = Release|Any CPU
		{60E099E0-8F4F-43C2-A650-4E185ED8BC91}.Debug|Any CPU.ActiveCfg = Debug|Any CPU
		{60E099E0-8F4F-43C2-A650-4E185ED8BC91}.Debug|Any CPU.Build.0 = Debug|Any CPU
		{60E099E0-8F4F-43C2-A650-4E185ED8BC91}.Release|Any CPU.ActiveCfg = Release|Any CPU
		{60E099E0-8F4F-43C2-A650-4E185ED8BC91}.Release|Any CPU.Build.0 = Release|Any CPU
	EndGlobalSection
	GlobalSection(SolutionProperties) = preSolution
		HideSolutionNode = FALSE
	EndGlobalSection
	GlobalSection(NestedProjects) = preSolution
		{E1201884-EF5F-4806-9D3B-C1E681512FEE} = {B8294C21-5C4B-4670-89ED-66A9347822CD}
		{4D3D9D8E-ED33-4E8D-A003-A630DE0683D1} = {67A3E3E0-0A27-49B5-B7AC-D34F50DC2595}
		{10E6F4CF-C4D3-4ADE-9451-DD0B53E40E12} = {B8294C21-5C4B-4670-89ED-66A9347822CD}
		{D1010120-9382-417A-977C-C7FF764ACD3B} = {B8294C21-5C4B-4670-89ED-66A9347822CD}
		{EA629E4F-92EE-4AF9-BF39-617C956FC434} = {B8294C21-5C4B-4670-89ED-66A9347822CD}
		{1748722F-B35E-4466-8EAE-B3F288F9B73B} = {39575593-9AF2-440D-8339-38DC0085D866}
		{C6C1EAF5-D4EC-4AEC-BF5E-5C3C2AB13876} = {B8294C21-5C4B-4670-89ED-66A9347822CD}
		{37F5D98E-4CDD-4432-80CA-1BF37BB677CF} = {B8294C21-5C4B-4670-89ED-66A9347822CD}
		{C8CE9069-A1B3-421D-A0F1-95E49B1A9278} = {B8294C21-5C4B-4670-89ED-66A9347822CD}
		{60E099E0-8F4F-43C2-A650-4E185ED8BC91} = {DE0D285B-E351-4CBB-8EAE-8DBE4D10BC89}
	EndGlobalSection
	GlobalSection(ExtensibilityGlobals) = postSolution
		SolutionGuid = {92334625-9019-4E1C-9E5C-630598743A05}
	EndGlobalSection
EndGlobal
